
Microsoft Visual Studio Solution File, Format Version 12.00
# Visual Studio Version 17
VisualStudioVersion = 17.14.37301.10 d17.14
MinimumVisualStudioVersion = 10.0.40219.1
Project("{FAE04EC0-301F-11D3-BF4B-00C04F79EFBC}") = "ATV_JEFF_2", "ATV_JEFF_2\ATV_JEFF_2.csproj", "{DB46D876-F407-438F-BE34-EB77C403D280}"
EndProject
Global
	GlobalSection(SolutionConfigurationPlatforms) = preSolution
		Debug|Any CPU = Debug|Any CPU
		Release|Any CPU = Release|Any CPU
	EndGlobalSection
	GlobalSection(ProjectConfigurationPlatforms) = postSolution
		{DB46D876-F407-438F-BE34-EB77C403D280}.Debug|Any CPU.ActiveCfg = Debug|Any CPU
		{DB46D876-F407-438F-BE34-EB77C403D280}.Debug|Any CPU.Build.0 = Debug|Any CPU
		{DB46D876-F407-438F-BE34-EB77C403D280}.Release|Any CPU.ActiveCfg = Release|Any CPU
		{DB46D876-F407-438F-BE34-EB77C403D280}.Release|Any CPU.Build.0 = Release|Any CPU
	EndGlobalSection
	GlobalSection(SolutionProperties) = preSolution
		HideSolutionNode = FALSE
	EndGlobalSection
	GlobalSection(ExtensibilityGlobals) = postSolution
		SolutionGuid = {F7CC1A9B-BC8E-43B4-96E9-1935F612AD54}
	EndGlobalSection
EndGlobal
